// !$*UTF8*$!
{
	archiveVersion = 1;
	classes = {
	};
	objectVersion = 52;
	objects = {

/* Begin PBXBuildFile section */
		B15C30FD24EC7F80003A2548 /* AppDelegate.swift in Sources */ = {isa = PBXBuildFile; fileRef = B15C30FC24EC7F80003A2548 /* AppDelegate.swift */; };
		B15C310424EC7F80003A2548 /* ProductList.storyboard in Resources */ = {isa = PBXBuildFile; fileRef = B15C310224EC7F80003A2548 /* ProductList.storyboard */; };
		B15C310624EC7F8C003A2548 /* Assets.xcassets in Resources */ = {isa = PBXBuildFile; fileRef = B15C310524EC7F8C003A2548 /* Assets.xcassets */; };
		B15C310924EC7F8C003A2548 /* LaunchScreen.storyboard in Resources */ = {isa = PBXBuildFile; fileRef = B15C310724EC7F8C003A2548 /* LaunchScreen.storyboard */; };
		B173BF0E24EDA61600F657B1 /* Insomnia.h in Headers */ = {isa = PBXBuildFile; fileRef = B173BF0C24EDA61600F657B1 /* Insomnia.h */; settings = {ATTRIBUTES = (Public, ); }; };
		B173BF1124EDA61600F657B1 /* Insomnia.framework in Frameworks */ = {isa = PBXBuildFile; fileRef = B173BF0A24EDA61600F657B1 /* Insomnia.framework */; };
		B173BF1224EDA61600F657B1 /* Insomnia.framework in Embed Frameworks */ = {isa = PBXBuildFile; fileRef = B173BF0A24EDA61600F657B1 /* Insomnia.framework */; settings = {ATTRIBUTES = (CodeSignOnCopy, RemoveHeadersOnCopy, ); }; };
		B173BF1824EDA69700F657B1 /* InsomniaAPI.swift in Sources */ = {isa = PBXBuildFile; fileRef = B173BF1724EDA69700F657B1 /* InsomniaAPI.swift */; };
		B173BF1A24EDA73700F657B1 /* HTTPStatusCode.swift in Sources */ = {isa = PBXBuildFile; fileRef = B173BF1924EDA73700F657B1 /* HTTPStatusCode.swift */; };
		B173BF1C24EDA7AF00F657B1 /* InsomniaAPI+Endpoints.swift in Sources */ = {isa = PBXBuildFile; fileRef = B173BF1B24EDA7AF00F657B1 /* InsomniaAPI+Endpoints.swift */; };
		B173BF2024EDA93A00F657B1 /* Products.swift in Sources */ = {isa = PBXBuildFile; fileRef = B173BF1E24EDA84800F657B1 /* Products.swift */; };
		B173BF2324EDB0D400F657B1 /* DataService.swift in Sources */ = {isa = PBXBuildFile; fileRef = B173BF2224EDB0D400F657B1 /* DataService.swift */; };
		B173BF2624EDBD7900F657B1 /* Product.swift in Sources */ = {isa = PBXBuildFile; fileRef = B173BF2524EDBD7900F657B1 /* Product.swift */; };
		B173BF2924EEDC4800F657B1 /* ProductListTableViewController.swift in Sources */ = {isa = PBXBuildFile; fileRef = B173BF2824EEDC4800F657B1 /* ProductListTableViewController.swift */; };
		B173BF2B24EEDD1F00F657B1 /* ProductListTableViewModel.swift in Sources */ = {isa = PBXBuildFile; fileRef = B173BF2A24EEDD1F00F657B1 /* ProductListTableViewModel.swift */; };
		B173BF2E24EEDE1100F657B1 /* ProductListTableViewCell.swift in Sources */ = {isa = PBXBuildFile; fileRef = B173BF2C24EEDE1100F657B1 /* ProductListTableViewCell.swift */; };
		B173BF2F24EEDE1100F657B1 /* ProductListTableViewCell.xib in Resources */ = {isa = PBXBuildFile; fileRef = B173BF2D24EEDE1100F657B1 /* ProductListTableViewCell.xib */; };
		B173BF3224EEDF6300F657B1 /* UITableView+Extensions.swift in Sources */ = {isa = PBXBuildFile; fileRef = B173BF3124EEDF6300F657B1 /* UITableView+Extensions.swift */; };
		B173BF3524EEE76A00F657B1 /* Kingfisher in Frameworks */ = {isa = PBXBuildFile; productRef = B173BF3424EEE76A00F657B1 /* Kingfisher */; };
/* End PBXBuildFile section */

/* Begin PBXContainerItemProxy section */
		B173BF0F24EDA61600F657B1 /* PBXContainerItemProxy */ = {
			isa = PBXContainerItemProxy;
			containerPortal = B15C30F124EC7F80003A2548 /* Project object */;
			proxyType = 1;
			remoteGlobalIDString = B173BF0924EDA61600F657B1;
			remoteInfo = Insomnia;
		};
/* End PBXContainerItemProxy section */

/* Begin PBXCopyFilesBuildPhase section */
		B173BF1624EDA61600F657B1 /* Embed Frameworks */ = {
			isa = PBXCopyFilesBuildPhase;
			buildActionMask = 2147483647;
			dstPath = "";
			dstSubfolderSpec = 10;
			files = (
				B173BF1224EDA61600F657B1 /* Insomnia.framework in Embed Frameworks */,
			);
			name = "Embed Frameworks";
			runOnlyForDeploymentPostprocessing = 0;
		};
/* End PBXCopyFilesBuildPhase section */

/* Begin PBXFileReference section */
		B15C30F924EC7F80003A2548 /* Nate.app */ = {isa = PBXFileReference; explicitFileType = wrapper.application; includeInIndex = 0; path = Nate.app; sourceTree = BUILT_PRODUCTS_DIR; };
		B15C30FC24EC7F80003A2548 /* AppDelegate.swift */ = {isa = PBXFileReference; lastKnownFileType = sourcecode.swift; path = AppDelegate.swift; sourceTree = "<group>"; };
		B15C310324EC7F80003A2548 /* Base */ = {isa = PBXFileReference; lastKnownFileType = file.storyboard; name = Base; path = Base.lproj/ProductList.storyboard; sourceTree = "<group>"; };
		B15C310524EC7F8C003A2548 /* Assets.xcassets */ = {isa = PBXFileReference; lastKnownFileType = folder.assetcatalog; path = Assets.xcassets; sourceTree = "<group>"; };
		B15C310824EC7F8C003A2548 /* Base */ = {isa = PBXFileReference; lastKnownFileType = file.storyboard; name = Base; path = Base.lproj/LaunchScreen.storyboard; sourceTree = "<group>"; };
		B15C310A24EC7F8C003A2548 /* Info.plist */ = {isa = PBXFileReference; lastKnownFileType = text.plist.xml; path = Info.plist; sourceTree = "<group>"; };
		B173BF0A24EDA61600F657B1 /* Insomnia.framework */ = {isa = PBXFileReference; explicitFileType = wrapper.framework; includeInIndex = 0; path = Insomnia.framework; sourceTree = BUILT_PRODUCTS_DIR; };
		B173BF0C24EDA61600F657B1 /* Insomnia.h */ = {isa = PBXFileReference; lastKnownFileType = sourcecode.c.h; path = Insomnia.h; sourceTree = "<group>"; };
		B173BF0D24EDA61600F657B1 /* Info.plist */ = {isa = PBXFileReference; lastKnownFileType = text.plist.xml; path = Info.plist; sourceTree = "<group>"; };
		B173BF1724EDA69700F657B1 /* InsomniaAPI.swift */ = {isa = PBXFileReference; lastKnownFileType = sourcecode.swift; path = InsomniaAPI.swift; sourceTree = "<group>"; };
		B173BF1924EDA73700F657B1 /* HTTPStatusCode.swift */ = {isa = PBXFileReference; lastKnownFileType = sourcecode.swift; path = HTTPStatusCode.swift; sourceTree = "<group>"; };
		B173BF1B24EDA7AF00F657B1 /* InsomniaAPI+Endpoints.swift */ = {isa = PBXFileReference; lastKnownFileType = sourcecode.swift; path = "InsomniaAPI+Endpoints.swift"; sourceTree = "<group>"; };
		B173BF1E24EDA84800F657B1 /* Products.swift */ = {isa = PBXFileReference; lastKnownFileType = sourcecode.swift; path = Products.swift; sourceTree = "<group>"; };
		B173BF2224EDB0D400F657B1 /* DataService.swift */ = {isa = PBXFileReference; lastKnownFileType = sourcecode.swift; path = DataService.swift; sourceTree = "<group>"; };
		B173BF2524EDBD7900F657B1 /* Product.swift */ = {isa = PBXFileReference; lastKnownFileType = sourcecode.swift; path = Product.swift; sourceTree = "<group>"; };
		B173BF2824EEDC4800F657B1 /* ProductListTableViewController.swift */ = {isa = PBXFileReference; lastKnownFileType = sourcecode.swift; path = ProductListTableViewController.swift; sourceTree = "<group>"; };
		B173BF2A24EEDD1F00F657B1 /* ProductListTableViewModel.swift */ = {isa = PBXFileReference; lastKnownFileType = sourcecode.swift; path = ProductListTableViewModel.swift; sourceTree = "<group>"; };
		B173BF2C24EEDE1100F657B1 /* ProductListTableViewCell.swift */ = {isa = PBXFileReference; lastKnownFileType = sourcecode.swift; path = ProductListTableViewCell.swift; sourceTree = "<group>"; };
		B173BF2D24EEDE1100F657B1 /* ProductListTableViewCell.xib */ = {isa = PBXFileReference; lastKnownFileType = file.xib; path = ProductListTableViewCell.xib; sourceTree = "<group>"; };
		B173BF3124EEDF6300F657B1 /* UITableView+Extensions.swift */ = {isa = PBXFileReference; lastKnownFileType = sourcecode.swift; path = "UITableView+Extensions.swift"; sourceTree = "<group>"; };
/* End PBXFileReference section */

/* Begin PBXFrameworksBuildPhase section */
		B15C30F624EC7F80003A2548 /* Frameworks */ = {
			isa = PBXFrameworksBuildPhase;
			buildActionMask = 2147483647;
			files = (
				B173BF3524EEE76A00F657B1 /* Kingfisher in Frameworks */,
				B173BF1124EDA61600F657B1 /* Insomnia.framework in Frameworks */,
			);
			runOnlyForDeploymentPostprocessing = 0;
		};
		B173BF0724EDA61600F657B1 /* Frameworks */ = {
			isa = PBXFrameworksBuildPhase;
			buildActionMask = 2147483647;
			files = (
			);
			runOnlyForDeploymentPostprocessing = 0;
		};
/* End PBXFrameworksBuildPhase section */

/* Begin PBXGroup section */
		B15C30F024EC7F80003A2548 = {
			isa = PBXGroup;
			children = (
				B15C30FB24EC7F80003A2548 /* Nate */,
				B173BF0B24EDA61600F657B1 /* Insomnia */,
				B15C30FA24EC7F80003A2548 /* Products */,
			);
			sourceTree = "<group>";
		};
		B15C30FA24EC7F80003A2548 /* Products */ = {
			isa = PBXGroup;
			children = (
				B15C30F924EC7F80003A2548 /* Nate.app */,
				B173BF0A24EDA61600F657B1 /* Insomnia.framework */,
			);
			name = Products;
			sourceTree = "<group>";
		};
		B15C30FB24EC7F80003A2548 /* Nate */ = {
			isa = PBXGroup;
			children = (
				B15C30FC24EC7F80003A2548 /* AppDelegate.swift */,
				B173BF2724EEDBF300F657B1 /* UI */,
				B173BF2424EDBD5700F657B1 /* Models */,
				B173BF2124EDB0C400F657B1 /* Shared */,
				B173BF3024EEDF4A00F657B1 /* Extensions */,
				B173BF0324EDA5AD00F657B1 /* API */,
				B15C310524EC7F8C003A2548 /* Assets.xcassets */,
				B15C310724EC7F8C003A2548 /* LaunchScreen.storyboard */,
				B15C310A24EC7F8C003A2548 /* Info.plist */,
			);
			path = Nate;
			sourceTree = "<group>";
		};
		B173BF0324EDA5AD00F657B1 /* API */ = {
			isa = PBXGroup;
			children = (
				B173BF1D24EDA7BF00F657B1 /* Response objects */,
				B173BF1724EDA69700F657B1 /* InsomniaAPI.swift */,
				B173BF1B24EDA7AF00F657B1 /* InsomniaAPI+Endpoints.swift */,
				B173BF1924EDA73700F657B1 /* HTTPStatusCode.swift */,
			);
			path = API;
			sourceTree = "<group>";
		};
		B173BF0B24EDA61600F657B1 /* Insomnia */ = {
			isa = PBXGroup;
			children = (
				B173BF0C24EDA61600F657B1 /* Insomnia.h */,
				B173BF0D24EDA61600F657B1 /* Info.plist */,
			);
			path = Insomnia;
			sourceTree = "<group>";
		};
		B173BF1D24EDA7BF00F657B1 /* Response objects */ = {
			isa = PBXGroup;
			children = (
				B173BF1E24EDA84800F657B1 /* Products.swift */,
			);
			path = "Response objects";
			sourceTree = "<group>";
		};
		B173BF2124EDB0C400F657B1 /* Shared */ = {
			isa = PBXGroup;
			children = (
				B173BF2224EDB0D400F657B1 /* DataService.swift */,
			);
			path = Shared;
			sourceTree = "<group>";
		};
		B173BF2424EDBD5700F657B1 /* Models */ = {
			isa = PBXGroup;
			children = (
				B173BF2524EDBD7900F657B1 /* Product.swift */,
			);
			path = Models;
			sourceTree = "<group>";
		};
		B173BF2724EEDBF300F657B1 /* UI */ = {
			isa = PBXGroup;
			children = (
				B15C310224EC7F80003A2548 /* ProductList.storyboard */,
				B173BF2824EEDC4800F657B1 /* ProductListTableViewController.swift */,
				B173BF2A24EEDD1F00F657B1 /* ProductListTableViewModel.swift */,
				B173BF2D24EEDE1100F657B1 /* ProductListTableViewCell.xib */,
				B173BF2C24EEDE1100F657B1 /* ProductListTableViewCell.swift */,
			);
			path = UI;
			sourceTree = "<group>";
		};
		B173BF3024EEDF4A00F657B1 /* Extensions */ = {
			isa = PBXGroup;
			children = (
				B173BF3124EEDF6300F657B1 /* UITableView+Extensions.swift */,
			);
			path = Extensions;
			sourceTree = "<group>";
		};
/* End PBXGroup section */

/* Begin PBXHeadersBuildPhase section */
		B173BF0524EDA61600F657B1 /* Headers */ = {
			isa = PBXHeadersBuildPhase;
			buildActionMask = 2147483647;
			files = (
				B173BF0E24EDA61600F657B1 /* Insomnia.h in Headers */,
			);
			runOnlyForDeploymentPostprocessing = 0;
		};
/* End PBXHeadersBuildPhase section */

/* Begin PBXNativeTarget section */
		B15C30F824EC7F80003A2548 /* Nate */ = {
			isa = PBXNativeTarget;
			buildConfigurationList = B15C310D24EC7F8C003A2548 /* Build configuration list for PBXNativeTarget "Nate" */;
			buildPhases = (
				B15C30F524EC7F80003A2548 /* Sources */,
				B15C30F624EC7F80003A2548 /* Frameworks */,
				B15C30F724EC7F80003A2548 /* Resources */,
				B173BF1624EDA61600F657B1 /* Embed Frameworks */,
			);
			buildRules = (
			);
			dependencies = (
				B173BF1024EDA61600F657B1 /* PBXTargetDependency */,
			);
			name = Nate;
			packageProductDependencies = (
				B173BF3424EEE76A00F657B1 /* Kingfisher */,
			);
			productName = Nate;
			productReference = B15C30F924EC7F80003A2548 /* Nate.app */;
			productType = "com.apple.product-type.application";
		};
		B173BF0924EDA61600F657B1 /* Insomnia */ = {
			isa = PBXNativeTarget;
			buildConfigurationList = B173BF1324EDA61600F657B1 /* Build configuration list for PBXNativeTarget "Insomnia" */;
			buildPhases = (
				B173BF0524EDA61600F657B1 /* Headers */,
				B173BF0624EDA61600F657B1 /* Sources */,
				B173BF0724EDA61600F657B1 /* Frameworks */,
				B173BF0824EDA61600F657B1 /* Resources */,
			);
			buildRules = (
			);
			dependencies = (
			);
			name = Insomnia;
			productName = Insomnia;
			productReference = B173BF0A24EDA61600F657B1 /* Insomnia.framework */;
			productType = "com.apple.product-type.framework";
		};
/* End PBXNativeTarget section */

/* Begin PBXProject section */
		B15C30F124EC7F80003A2548 /* Project object */ = {
			isa = PBXProject;
			attributes = {
				LastSwiftUpdateCheck = 1160;
				LastUpgradeCheck = 1160;
				ORGANIZATIONNAME = "Robin Hellgren";
				TargetAttributes = {
					B15C30F824EC7F80003A2548 = {
						CreatedOnToolsVersion = 11.6;
					};
					B173BF0924EDA61600F657B1 = {
						CreatedOnToolsVersion = 11.6;
						LastSwiftMigration = 1160;
					};
				};
			};
			buildConfigurationList = B15C30F424EC7F80003A2548 /* Build configuration list for PBXProject "Nate" */;
			compatibilityVersion = "Xcode 9.3";
			developmentRegion = en;
			hasScannedForEncodings = 0;
			knownRegions = (
				en,
				Base,
			);
			mainGroup = B15C30F024EC7F80003A2548;
			packageReferences = (
				B173BF3324EEE76A00F657B1 /* XCRemoteSwiftPackageReference "Kingfisher" */,
			);
			productRefGroup = B15C30FA24EC7F80003A2548 /* Products */;
			projectDirPath = "";
			projectRoot = "";
			targets = (
				B15C30F824EC7F80003A2548 /* Nate */,
				B173BF0924EDA61600F657B1 /* Insomnia */,
			);
		};
/* End PBXProject section */

/* Begin PBXResourcesBuildPhase section */
		B15C30F724EC7F80003A2548 /* Resources */ = {
			isa = PBXResourcesBuildPhase;
			buildActionMask = 2147483647;
			files = (
				B15C310924EC7F8C003A2548 /* LaunchScreen.storyboard in Resources */,
				B173BF2F24EEDE1100F657B1 /* ProductListTableViewCell.xib in Resources */,
				B15C310624EC7F8C003A2548 /* Assets.xcassets in Resources */,
				B15C310424EC7F80003A2548 /* ProductList.storyboard in Resources */,
			);
			runOnlyForDeploymentPostprocessing = 0;
		};
		B173BF0824EDA61600F657B1 /* Resources */ = {
			isa = PBXResourcesBuildPhase;
			buildActionMask = 2147483647;
			files = (
			);
			runOnlyForDeploymentPostprocessing = 0;
		};
/* End PBXResourcesBuildPhase section */

/* Begin PBXSourcesBuildPhase section */
		B15C30F524EC7F80003A2548 /* Sources */ = {
			isa = PBXSourcesBuildPhase;
			buildActionMask = 2147483647;
			files = (
				B173BF2B24EEDD1F00F657B1 /* ProductListTableViewModel.swift in Sources */,
				B173BF3224EEDF6300F657B1 /* UITableView+Extensions.swift in Sources */,
				B173BF2324EDB0D400F657B1 /* DataService.swift in Sources */,
				B173BF2624EDBD7900F657B1 /* Product.swift in Sources */,
				B15C30FD24EC7F80003A2548 /* AppDelegate.swift in Sources */,
				B173BF2924EEDC4800F657B1 /* ProductListTableViewController.swift in Sources */,
				B173BF2E24EEDE1100F657B1 /* ProductListTableViewCell.swift in Sources */,
			);
			runOnlyForDeploymentPostprocessing = 0;
		};
		B173BF0624EDA61600F657B1 /* Sources */ = {
			isa = PBXSourcesBuildPhase;
			buildActionMask = 2147483647;
			files = (
				B173BF1C24EDA7AF00F657B1 /* InsomniaAPI+Endpoints.swift in Sources */,
				B173BF2024EDA93A00F657B1 /* Products.swift in Sources */,
				B173BF1A24EDA73700F657B1 /* HTTPStatusCode.swift in Sources */,
				B173BF1824EDA69700F657B1 /* InsomniaAPI.swift in Sources */,
			);
			runOnlyForDeploymentPostprocessing = 0;
		};
/* End PBXSourcesBuildPhase section */

/* Begin PBXTargetDependency section */
		B173BF1024EDA61600F657B1 /* PBXTargetDependency */ = {
			isa = PBXTargetDependency;
			target = B173BF0924EDA61600F657B1 /* Insomnia */;
			targetProxy = B173BF0F24EDA61600F657B1 /* PBXContainerItemProxy */;
		};
/* End PBXTargetDependency section */

/* Begin PBXVariantGroup section */
		B15C310224EC7F80003A2548 /* ProductList.storyboard */ = {
			isa = PBXVariantGroup;
			children = (
				B15C310324EC7F80003A2548 /* Base */,
			);
			name = ProductList.storyboard;
			sourceTree = "<group>";
		};
		B15C310724EC7F8C003A2548 /* LaunchScreen.storyboard */ = {
			isa = PBXVariantGroup;
			children = (
				B15C310824EC7F8C003A2548 /* Base */,
			);
			name = LaunchScreen.storyboard;
			sourceTree = "<group>";
		};
/* End PBXVariantGroup section */

/* Begin XCBuildConfiguration section */
		B15C310B24EC7F8C003A2548 /* Debug */ = {
			isa = XCBuildConfiguration;
			buildSettings = {
				ALWAYS_SEARCH_USER_PATHS = NO;
				CLANG_ANALYZER_NONNULL = YES;
				CLANG_ANALYZER_NUMBER_OBJECT_CONVERSION = YES_AGGRESSIVE;
				CLANG_CXX_LANGUAGE_STANDARD = "gnu++14";
				CLANG_CXX_LIBRARY = "libc++";
				CLANG_ENABLE_MODULES = YES;
				CLANG_ENABLE_OBJC_ARC = YES;
				CLANG_ENABLE_OBJC_WEAK = YES;
				CLANG_WARN_BLOCK_CAPTURE_AUTORELEASING = YES;
				CLANG_WARN_BOOL_CONVERSION = YES;
				CLANG_WARN_COMMA = YES;
				CLANG_WARN_CONSTANT_CONVERSION = YES;
				CLANG_WARN_DEPRECATED_OBJC_IMPLEMENTATIONS = YES;
				CLANG_WARN_DIRECT_OBJC_ISA_USAGE = YES_ERROR;
				CLANG_WARN_DOCUMENTATION_COMMENTS = YES;
				CLANG_WARN_EMPTY_BODY = YES;
				CLANG_WARN_ENUM_CONVERSION = YES;
				CLANG_WARN_INFINITE_RECURSION = YES;
				CLANG_WARN_INT_CONVERSION = YES;
				CLANG_WARN_NON_LITERAL_NULL_CONVERSION = YES;
				CLANG_WARN_OBJC_IMPLICIT_RETAIN_SELF = YES;
				CLANG_WARN_OBJC_LITERAL_CONVERSION = YES;
				CLANG_WARN_OBJC_ROOT_CLASS = YES_ERROR;
				CLANG_WARN_RANGE_LOOP_ANALYSIS = YES;
				CLANG_WARN_STRICT_PROTOTYPES = YES;
				CLANG_WARN_SUSPICIOUS_MOVE = YES;
				CLANG_WARN_UNGUARDED_AVAILABILITY = YES_AGGRESSIVE;
				CLANG_WARN_UNREACHABLE_CODE = YES;
				CLANG_WARN__DUPLICATE_METHOD_MATCH = YES;
				COPY_PHASE_STRIP = NO;
				DEBUG_INFORMATION_FORMAT = dwarf;
				ENABLE_STRICT_OBJC_MSGSEND = YES;
				ENABLE_TESTABILITY = YES;
				GCC_C_LANGUAGE_STANDARD = gnu11;
				GCC_DYNAMIC_NO_PIC = NO;
				GCC_NO_COMMON_BLOCKS = YES;
				GCC_OPTIMIZATION_LEVEL = 0;
				GCC_PREPROCESSOR_DEFINITIONS = (
					"DEBUG=1",
					"$(inherited)",
				);
				GCC_WARN_64_TO_32_BIT_CONVERSION = YES;
				GCC_WARN_ABOUT_RETURN_TYPE = YES_ERROR;
				GCC_WARN_UNDECLARED_SELECTOR = YES;
				GCC_WARN_UNINITIALIZED_AUTOS = YES_AGGRESSIVE;
				GCC_WARN_UNUSED_FUNCTION = YES;
				GCC_WARN_UNUSED_VARIABLE = YES;
				IPHONEOS_DEPLOYMENT_TARGET = 13.6;
				MTL_ENABLE_DEBUG_INFO = INCLUDE_SOURCE;
				MTL_FAST_MATH = YES;
				ONLY_ACTIVE_ARCH = YES;
				SDKROOT = iphoneos;
				SWIFT_ACTIVE_COMPILATION_CONDITIONS = DEBUG;
				SWIFT_OPTIMIZATION_LEVEL = "-Onone";
			};
			name = Debug;
		};
		B15C310C24EC7F8C003A2548 /* Release */ = {
			isa = XCBuildConfiguration;
			buildSettings = {
				ALWAYS_SEARCH_USER_PATHS = NO;
				CLANG_ANALYZER_NONNULL = YES;
				CLANG_ANALYZER_NUMBER_OBJECT_CONVERSION = YES_AGGRESSIVE;
				CLANG_CXX_LANGUAGE_STANDARD = "gnu++14";
				CLANG_CXX_LIBRARY = "libc++";
				CLANG_ENABLE_MODULES = YES;
				CLANG_ENABLE_OBJC_ARC = YES;
				CLANG_ENABLE_OBJC_WEAK = YES;
				CLANG_WARN_BLOCK_CAPTURE_AUTORELEASING = YES;
				CLANG_WARN_BOOL_CONVERSION = YES;
				CLANG_WARN_COMMA = YES;
				CLANG_WARN_CONSTANT_CONVERSION = YES;
				CLANG_WARN_DEPRECATED_OBJC_IMPLEMENTATIONS = YES;
				CLANG_WARN_DIRECT_OBJC_ISA_USAGE = YES_ERROR;
				CLANG_WARN_DOCUMENTATION_COMMENTS = YES;
				CLANG_WARN_EMPTY_BODY = YES;
				CLANG_WARN_ENUM_CONVERSION = YES;
				CLANG_WARN_INFINITE_RECURSION = YES;
				CLANG_WARN_INT_CONVERSION = YES;
				CLANG_WARN_NON_LITERAL_NULL_CONVERSION = YES;
				CLANG_WARN_OBJC_IMPLICIT_RETAIN_SELF = YES;
				CLANG_WARN_OBJC_LITERAL_CONVERSION = YES;
				CLANG_WARN_OBJC_ROOT_CLASS = YES_ERROR;
				CLANG_WARN_RANGE_LOOP_ANALYSIS = YES;
				CLANG_WARN_STRICT_PROTOTYPES = YES;
				CLANG_WARN_SUSPICIOUS_MOVE = YES;
				CLANG_WARN_UNGUARDED_AVAILABILITY = YES_AGGRESSIVE;
				CLANG_WARN_UNREACHABLE_CODE = YES;
				CLANG_WARN__DUPLICATE_METHOD_MATCH = YES;
				COPY_PHASE_STRIP = NO;
				DEBUG_INFORMATION_FORMAT = "dwarf-with-dsym";
				ENABLE_NS_ASSERTIONS = NO;
				ENABLE_STRICT_OBJC_MSGSEND = YES;
				GCC_C_LANGUAGE_STANDARD = gnu11;
				GCC_NO_COMMON_BLOCKS = YES;
				GCC_WARN_64_TO_32_BIT_CONVERSION = YES;
				GCC_WARN_ABOUT_RETURN_TYPE = YES_ERROR;
				GCC_WARN_UNDECLARED_SELECTOR = YES;
				GCC_WARN_UNINITIALIZED_AUTOS = YES_AGGRESSIVE;
				GCC_WARN_UNUSED_FUNCTION = YES;
				GCC_WARN_UNUSED_VARIABLE = YES;
				IPHONEOS_DEPLOYMENT_TARGET = 13.6;
				MTL_ENABLE_DEBUG_INFO = NO;
				MTL_FAST_MATH = YES;
				SDKROOT = iphoneos;
				SWIFT_COMPILATION_MODE = wholemodule;
				SWIFT_OPTIMIZATION_LEVEL = "-O";
				VALIDATE_PRODUCT = YES;
			};
			name = Release;
		};
		B15C310E24EC7F8C003A2548 /* Debug */ = {
			isa = XCBuildConfiguration;
			buildSettings = {
				ALWAYS_EMBED_SWIFT_STANDARD_LIBRARIES = YES;
				ASSETCATALOG_COMPILER_APPICON_NAME = AppIcon;
				CODE_SIGN_STYLE = Automatic;
				DEVELOPMENT_TEAM = XAS9CJDMWX;
				INFOPLIST_FILE = Nate/Info.plist;
				IPHONEOS_DEPLOYMENT_TARGET = 12.0;
				LD_RUNPATH_SEARCH_PATHS = (
					"$(inherited)",
					"@executable_path/Frameworks",
				);
				PRODUCT_BUNDLE_IDENTIFIER = RHellgren.Nate;
				PRODUCT_NAME = "$(TARGET_NAME)";
				SWIFT_VERSION = 5.0;
				TARGETED_DEVICE_FAMILY = 1;
			};
			name = Debug;
		};
		B15C310F24EC7F8C003A2548 /* Release */ = {
			isa = XCBuildConfiguration;
			buildSettings = {
				ALWAYS_EMBED_SWIFT_STANDARD_LIBRARIES = YES;
				ASSETCATALOG_COMPILER_APPICON_NAME = AppIcon;
				CODE_SIGN_STYLE = Automatic;
				DEVELOPMENT_TEAM = XAS9CJDMWX;
				INFOPLIST_FILE = Nate/Info.plist;
				IPHONEOS_DEPLOYMENT_TARGET = 12.0;
				LD_RUNPATH_SEARCH_PATHS = (
					"$(inherited)",
					"@executable_path/Frameworks",
				);
				PRODUCT_BUNDLE_IDENTIFIER = RHellgren.Nate;
				PRODUCT_NAME = "$(TARGET_NAME)";
				SWIFT_VERSION = 5.0;
				TARGETED_DEVICE_FAMILY = 1;
			};
			name = Release;
		};
		B173BF1424EDA61600F657B1 /* Debug */ = {
			isa = XCBuildConfiguration;
			buildSettings = {
				CLANG_ENABLE_MODULES = YES;
				CODE_SIGN_STYLE = Automatic;
				CURRENT_PROJECT_VERSION = 1;
				DEFINES_MODULE = YES;
				DEVELOPMENT_TEAM = "";
				DYLIB_COMPATIBILITY_VERSION = 1;
				DYLIB_CURRENT_VERSION = 1;
				DYLIB_INSTALL_NAME_BASE = "@rpath";
				INFOPLIST_FILE = Insomnia/Info.plist;
				INSTALL_PATH = "$(LOCAL_LIBRARY_DIR)/Frameworks";
				IPHONEOS_DEPLOYMENT_TARGET = 12.0;
				LD_RUNPATH_SEARCH_PATHS = (
					"$(inherited)",
					"@executable_path/Frameworks",
					"@loader_path/Frameworks",
				);
				PRODUCT_BUNDLE_IDENTIFIER = RHellgren.Insomnia;
				PRODUCT_NAME = "$(TARGET_NAME:c99extidentifier)";
				SKIP_INSTALL = YES;
				SUPPORTS_MACCATALYST = NO;
				SWIFT_OPTIMIZATION_LEVEL = "-Onone";
				SWIFT_VERSION = 5.0;
				TARGETED_DEVICE_FAMILY = 1;
				VERSIONING_SYSTEM = "apple-generic";
				VERSION_INFO_PREFIX = "";
			};
			name = Debug;
		};
		B173BF1524EDA61600F657B1 /* Release */ = {
			isa = XCBuildConfiguration;
			buildSettings = {
				CLANG_ENABLE_MODULES = YES;
				CODE_SIGN_STYLE = Automatic;
				CURRENT_PROJECT_VERSION = 1;
				DEFINES_MODULE = YES;
				DEVELOPMENT_TEAM = "";
				DYLIB_COMPATIBILITY_VERSION = 1;
				DYLIB_CURRENT_VERSION = 1;
				DYLIB_INSTALL_NAME_BASE = "@rpath";
				INFOPLIST_FILE = Insomnia/Info.plist;
				INSTALL_PATH = "$(LOCAL_LIBRARY_DIR)/Frameworks";
				IPHONEOS_DEPLOYMENT_TARGET = 12.0;
				LD_RUNPATH_SEARCH_PATHS = (
					"$(inherited)",
					"@executable_path/Frameworks",
					"@loader_path/Frameworks",
				);
				PRODUCT_BUNDLE_IDENTIFIER = RHellgren.Insomnia;
				PRODUCT_NAME = "$(TARGET_NAME:c99extidentifier)";
				SKIP_INSTALL = YES;
				SUPPORTS_MACCATALYST = NO;
				SWIFT_VERSION = 5.0;
				TARGETED_DEVICE_FAMILY = 1;
				VERSIONING_SYSTEM = "apple-generic";
				VERSION_INFO_PREFIX = "";
			};
			name = Release;
		};
/* End XCBuildConfiguration section */

/* Begin XCConfigurationList section */
		B15C30F424EC7F80003A2548 /* Build configuration list for PBXProject "Nate" */ = {
			isa = XCConfigurationList;
			buildConfigurations = (
				B15C310B24EC7F8C003A2548 /* Debug */,
				B15C310C24EC7F8C003A2548 /* Release */,
			);
			defaultConfigurationIsVisible = 0;
			defaultConfigurationName = Release;
		};
		B15C310D24EC7F8C003A2548 /* Build configuration list for PBXNativeTarget "Nate" */ = {
			isa = XCConfigurationList;
			buildConfigurations = (
				B15C310E24EC7F8C003A2548 /* Debug */,
				B15C310F24EC7F8C003A2548 /* Release */,
			);
			defaultConfigurationIsVisible = 0;
			defaultConfigurationName = Release;
		};
		B173BF1324EDA61600F657B1 /* Build configuration list for PBXNativeTarget "Insomnia" */ = {
			isa = XCConfigurationList;
			buildConfigurations = (
				B173BF1424EDA61600F657B1 /* Debug */,
				B173BF1524EDA61600F657B1 /* Release */,
			);
			defaultConfigurationIsVisible = 0;
			defaultConfigurationName = Release;
		};
/* End XCConfigurationList section */

/* Begin XCRemoteSwiftPackageReference section */
		B173BF3324EEE76A00F657B1 /* XCRemoteSwiftPackageReference "Kingfisher" */ = {
			isa = XCRemoteSwiftPackageReference;
			repositoryURL = "https://github.com/onevcat/Kingfisher.git";
			requirement = {
				kind = upToNextMajorVersion;
				minimumVersion = 5.8.0;
			};
		};
/* End XCRemoteSwiftPackageReference section */

/* Begin XCSwiftPackageProductDependency section */
		B173BF3424EEE76A00F657B1 /* Kingfisher */ = {
			isa = XCSwiftPackageProductDependency;
			package = B173BF3324EEE76A00F657B1 /* XCRemoteSwiftPackageReference "Kingfisher" */;
			productName = Kingfisher;
		};
/* End XCSwiftPackageProductDependency section */
	};
	rootObject = B15C30F124EC7F80003A2548 /* Project object */;
}
